
Microsoft Visual Studio Solution File, Format Version 12.00
# Visual Studio Version 17
VisualStudioVersion = 17.3.32922.545
MinimumVisualStudioVersion = 10.0.40219.1
Project("{9A19103F-16F7-4668-BE54-9A1E7A4F7556}") = "SpaceSubdivisionTestbed", "SpaceSubdivisionTestbed\SpaceSubdivisionTestbed.csproj", "{1BE46783-8B7D-4A25-9D2B-9BB7348A558F}"
EndProject
Global
	GlobalSection(SolutionConfigurationPlatforms) = preSolution
		Debug|Any CPU = Debug|Any CPU
		Release|Any CPU = Release|Any CPU
	EndGlobalSection
	GlobalSection(ProjectConfigurationPlatforms) = postSolution
		{1BE46783-8B7D-4A25-9D2B-9BB7348A558F}.Debug|Any CPU.ActiveCfg = Debug|Any CPU
		{1BE46783-8B7D-4A25-9D2B-9BB7348A558F}.Debug|Any CPU.Build.0 = Debug|Any CPU
		{1BE46783-8B7D-4A25-9D2B-9BB7348A558F}.Release|Any CPU.ActiveCfg = Release|Any CPU
		{1BE46783-8B7D-4A25-9D2B-9BB7348A558F}.Release|Any CPU.Build.0 = Release|Any CPU
	EndGlobalSection
	GlobalSection(SolutionProperties) = preSolution
		HideSolutionNode = FALSE
	EndGlobalSection
	GlobalSection(ExtensibilityGlobals) = postSolution
		SolutionGuid = {04D9DE8C-1C34-432C-95D5-CC4444B85CC9}
	EndGlobalSection
EndGlobal
